
Microsoft Visual Studio Solution File, Format Version 12.00
# Visual Studio Version 17
VisualStudioVersion = 17.9.34701.34
MinimumVisualStudioVersion = 10.0.40219.1
Project("{FAE04EC0-301F-11D3-BF4B-00C04F79EFBC}") = "ProjectCalc", "ProjectCalc\ProjectCalc.csproj", "{B0749816-91C6-4F79-B374-D007C9258D4B}"
EndProject
Global
	GlobalSection(SolutionConfigurationPlatforms) = preSolution
		Debug|Any CPU = Debug|Any CPU
		Release|Any CPU = Release|Any CPU
	EndGlobalSection
	GlobalSection(ProjectConfigurationPlatforms) = postSolution
		{B0749816-91C6-4F79-B374-D007C9258D4B}.Debug|Any CPU.ActiveCfg = Debug|Any CPU
		{B0749816-91C6-4F79-B374-D007C9258D4B}.Debug|Any CPU.Build.0 = Debug|Any CPU
		{B0749816-91C6-4F79-B374-D007C9258D4B}.Release|Any CPU.ActiveCfg = Release|Any CPU
		{B0749816-91C6-4F79-B374-D007C9258D4B}.Release|Any CPU.Build.0 = Release|Any CPU
	EndGlobalSection
	GlobalSection(SolutionProperties) = preSolution
		HideSolutionNode = FALSE
	EndGlobalSection
	GlobalSection(ExtensibilityGlobals) = postSolution
		SolutionGuid = {F5FC1C6A-F874-4DE5-A331-3A4057D05EED}
	EndGlobalSection
EndGlobal
